
Microsoft Visual Studio Solution File, Format Version 12.00
# Visual Studio Version 17
VisualStudioVersion = 17.1.32328.378
MinimumVisualStudioVersion = 10.0.40219.1
Project("{9A19103F-16F7-4668-BE54-9A1E7A4F7556}") = "NLayer.Core", "NLayer.Core\NLayer.Core.csproj", "{76DC8D6A-7435-4D72-9876-56F243398343}"
EndProject
Project("{9A19103F-16F7-4668-BE54-9A1E7A4F7556}") = "NLayer.Repository", "NLayer.Repository\NLayer.Repository.csproj", "{F1886203-32F0-4EFA-B376-17DD516FCA7D}"
EndProject
Project("{9A19103F-16F7-4668-BE54-9A1E7A4F7556}") = "NLayer.Service", "NLayer.Service\NLayer.Service.csproj", "{6325B348-649F-422D-8594-7AED0FAA8905}"
EndProject
Project("{FAE04EC0-301F-11D3-BF4B-00C04F79EFBC}") = "NLayer.Api", "NLayer.Api\NLayer.Api.csproj", "{9551C218-A1DB-4B30-ABD8-6D5D43C175B1}"
EndProject
Project("{9A19103F-16F7-4668-BE54-9A1E7A4F7556}") = "NLayer.Web", "NLayer.Web\NLayer.Web.csproj", "{F8A40AA5-4E1A-4DCD-BF03-39A364B1A5E7}"
EndProject
Project("{9A19103F-16F7-4668-BE54-9A1E7A4F7556}") = "NLayer.Caching", "NLayer.Caching\NLayer.Caching.csproj", "{9B6A9750-405B-4C8C-BB03-04A0511FE84D}"
EndProject
Project("{2150E333-8FDC-42A3-9474-1A3956D46DE8}") = "Solution Items", "Solution Items", "{BE56522F-E826-48FF-A0D2-0EF3C2869606}"
	ProjectSection(SolutionItems) = preProject
		Ports.txt = Ports.txt
	EndProjectSection
EndProject
Global
	GlobalSection(SolutionConfigurationPlatforms) = preSolution
		Debug|Any CPU = Debug|Any CPU
		Release|Any CPU = Release|Any CPU
	EndGlobalSection
	GlobalSection(ProjectConfigurationPlatforms) = postSolution
		{76DC8D6A-7435-4D72-9876-56F243398343}.Debug|Any CPU.ActiveCfg = Debug|Any CPU
		{76DC8D6A-7435-4D72-9876-56F243398343}.Debug|Any CPU.Build.0 = Debug|Any CPU
		{76DC8D6A-7435-4D72-9876-56F243398343}.Release|Any CPU.ActiveCfg = Release|Any CPU
		{76DC8D6A-7435-4D72-9876-56F243398343}.Release|Any CPU.Build.0 = Release|Any CPU
		{F1886203-32F0-4EFA-B376-17DD516FCA7D}.Debug|Any CPU.ActiveCfg = Debug|Any CPU
		{F1886203-32F0-4EFA-B376-17DD516FCA7D}.Debug|Any CPU.Build.0 = Debug|Any CPU
		{F1886203-32F0-4EFA-B376-17DD516FCA7D}.Release|Any CPU.ActiveCfg = Release|Any CPU
		{F1886203-32F0-4EFA-B376-17DD516FCA7D}.Release|Any CPU.Build.0 = Release|Any CPU
		{6325B348-649F-422D-8594-7AED0FAA8905}.Debug|Any CPU.ActiveCfg = Debug|Any CPU
		{6325B348-649F-422D-8594-7AED0FAA8905}.Debug|Any CPU.Build.0 = Debug|Any CPU
		{6325B348-649F-422D-8594-7AED0FAA8905}.Release|Any CPU.ActiveCfg = Release|Any CPU
		{6325B348-649F-422D-8594-7AED0FAA8905}.Release|Any CPU.Build.0 = Release|Any CPU
		{9551C218-A1DB-4B30-ABD8-6D5D43C175B1}.Debug|Any CPU.ActiveCfg = Debug|Any CPU
		{9551C218-A1DB-4B30-ABD8-6D5D43C175B1}.Debug|Any CPU.Build.0 = Debug|Any CPU
		{9551C218-A1DB-4B30-ABD8-6D5D43C175B1}.Release|Any CPU.ActiveCfg = Release|Any CPU
		{9551C218-A1DB-4B30-ABD8-6D5D43C175B1}.Release|Any CPU.Build.0 = Release|Any CPU
		{F8A40AA5-4E1A-4DCD-BF03-39A364B1A5E7}.Debug|Any CPU.ActiveCfg = Debug|Any CPU
		{F8A40AA5-4E1A-4DCD-BF03-39A364B1A5E7}.Debug|Any CPU.Build.0 = Debug|Any CPU
		{F8A40AA5-4E1A-4DCD-BF03-39A364B1A5E7}.Release|Any CPU.ActiveCfg = Release|Any CPU
		{F8A40AA5-4E1A-4DCD-BF03-39A364B1A5E7}.Release|Any CPU.Build.0 = Release|Any CPU
		{9B6A9750-405B-4C8C-BB03-04A0511FE84D}.Debug|Any CPU.ActiveCfg = Debug|Any CPU
		{9B6A9750-405B-4C8C-BB03-04A0511FE84D}.Debug|Any CPU.Build.0 = Debug|Any CPU
		{9B6A9750-405B-4C8C-BB03-04A0511FE84D}.Release|Any CPU.ActiveCfg = Release|Any CPU
		{9B6A9750-405B-4C8C-BB03-04A0511FE84D}.Release|Any CPU.Build.0 = Release|Any CPU
	EndGlobalSection
	GlobalSection(SolutionProperties) = preSolution
		HideSolutionNode = FALSE
	EndGlobalSection
	GlobalSection(ExtensibilityGlobals) = postSolution
		SolutionGuid = {E1D41FCA-36D1-4D8E-A7AE-894D9395BD99}
	EndGlobalSection
EndGlobal
